
Microsoft Visual Studio Solution File, Format Version 12.00
# Visual Studio Version 16
VisualStudioVersion = 16.0.29519.87
MinimumVisualStudioVersion = 10.0.40219.1
Project("{FAE04EC0-301F-11D3-BF4B-00C04F79EFBC}") = "KørselsLog", "KørselsLog.csproj", "{A128F140-030A-48EE-AC83-A9C3C693018A}"
EndProject
Global
	GlobalSection(SolutionConfigurationPlatforms) = preSolution
		Debug|Any CPU = Debug|Any CPU
		Release|Any CPU = Release|Any CPU
	EndGlobalSection
	GlobalSection(ProjectConfigurationPlatforms) = postSolution
		{A128F140-030A-48EE-AC83-A9C3C693018A}.Debug|Any CPU.ActiveCfg = Debug|Any CPU
		{A128F140-030A-48EE-AC83-A9C3C693018A}.Debug|Any CPU.Build.0 = Debug|Any CPU
		{A128F140-030A-48EE-AC83-A9C3C693018A}.Release|Any CPU.ActiveCfg = Release|Any CPU
		{A128F140-030A-48EE-AC83-A9C3C693018A}.Release|Any CPU.Build.0 = Release|Any CPU
	EndGlobalSection
	GlobalSection(SolutionProperties) = preSolution
		HideSolutionNode = FALSE
	EndGlobalSection
	GlobalSection(ExtensibilityGlobals) = postSolution
		SolutionGuid = {08A71189-B42E-4962-AE68-54DC50FB9499}
	EndGlobalSection
EndGlobal
